
Microsoft Visual Studio Solution File, Format Version 12.00
# Visual Studio Version 16
VisualStudioVersion = 16.0.30709.132
MinimumVisualStudioVersion = 10.0.40219.1
Project("{8BC9CEB8-8B4A-11D0-8D11-00A0C91BC942}") = "Lab_3.1", "Lab_3.1\Lab_3.1.vcxproj", "{6AFF0C07-9981-4D39-8C00-B1B1A7F555BD}"
EndProject
Project("{8BC9CEB8-8B4A-11D0-8D11-00A0C91BC942}") = "UnitTest_3.1-_-", "UnitTest_3.1-_-\UnitTest_3.1-_-.vcxproj", "{DD475ED2-49D8-4E46-B9B1-F2688FABF901}"
EndProject
Global
	GlobalSection(SolutionConfigurationPlatforms) = preSolution
		Debug|x64 = Debug|x64
		Debug|x86 = Debug|x86
		Release|x64 = Release|x64
		Release|x86 = Release|x86
	EndGlobalSection
	GlobalSection(ProjectConfigurationPlatforms) = postSolution
		{6AFF0C07-9981-4D39-8C00-B1B1A7F555BD}.Debug|x64.ActiveCfg = Debug|x64
		{6AFF0C07-9981-4D39-8C00-B1B1A7F555BD}.Debug|x64.Build.0 = Debug|x64
		{6AFF0C07-9981-4D39-8C00-B1B1A7F555BD}.Debug|x86.ActiveCfg = Debug|Win32
		{6AFF0C07-9981-4D39-8C00-B1B1A7F555BD}.Debug|x86.Build.0 = Debug|Win32
		{6AFF0C07-9981-4D39-8C00-B1B1A7F555BD}.Release|x64.ActiveCfg = Release|x64
		{6AFF0C07-9981-4D39-8C00-B1B1A7F555BD}.Release|x64.Build.0 = Release|x64
		{6AFF0C07-9981-4D39-8C00-B1B1A7F555BD}.Release|x86.ActiveCfg = Release|Win32
		{6AFF0C07-9981-4D39-8C00-B1B1A7F555BD}.Release|x86.Build.0 = Release|Win32
		{DD475ED2-49D8-4E46-B9B1-F2688FABF901}.Debug|x64.ActiveCfg = Debug|x64
		{DD475ED2-49D8-4E46-B9B1-F2688FABF901}.Debug|x64.Build.0 = Debug|x64
		{DD475ED2-49D8-4E46-B9B1-F2688FABF901}.Debug|x86.ActiveCfg = Debug|Win32
		{DD475ED2-49D8-4E46-B9B1-F2688FABF901}.Debug|x86.Build.0 = Debug|Win32
		{DD475ED2-49D8-4E46-B9B1-F2688FABF901}.Release|x64.ActiveCfg = Release|x64
		{DD475ED2-49D8-4E46-B9B1-F2688FABF901}.Release|x64.Build.0 = Release|x64
		{DD475ED2-49D8-4E46-B9B1-F2688FABF901}.Release|x86.ActiveCfg = Release|Win32
		{DD475ED2-49D8-4E46-B9B1-F2688FABF901}.Release|x86.Build.0 = Release|Win32
	EndGlobalSection
	GlobalSection(SolutionProperties) = preSolution
		HideSolutionNode = FALSE
	EndGlobalSection
	GlobalSection(ExtensibilityGlobals) = postSolution
		SolutionGuid = {24F21AC0-025D-429F-AB81-C8ECEBC2D470}
	EndGlobalSection
EndGlobal
